{
  "name": "i18n-shaking",
  "version": "1.0.0",
  "lockfileVersion": 1,
  "requires": true,
  "dependencies": {
    "@types/node": {
      "version": "17.0.10",
      "resolved": "https://npm.shopee.io/@types%2fnode/-/node-17.0.10.tgz",
      "integrity": "sha512-S/3xB4KzyFxYGCppyDt68yzBU9ysL88lSdIah4D6cptdcltc4NCPCAMc0+PCpg/lLIyC7IPvj2Z52OJWeIUkog==",
      "dev": true
    },
    "typescript": {
      "version": "4.5.5",
      "resolved": "https://npm.shopee.io/typescript/-/typescript-4.5.5.tgz",
      "integrity": "sha512-TCTIul70LyWe6IJWT8QSYeA54WQe8EjQFU4wY52Fasj5UKx88LNYKCgBEHcOMOrFF1rKGbD8v/xcNWVUq9SymA==",
      "dev": true
    }
  }
}
